
Microsoft Visual Studio Solution File, Format Version 12.00
# Visual Studio Version 16
VisualStudioVersion = 16.0.30717.126
MinimumVisualStudioVersion = 10.0.40219.1
Project("{9A19103F-16F7-4668-BE54-9A1E7A4F7556}") = "BDLMerge", "BDLMerge\BDLMerge.csproj", "{CA21A507-9482-408F-A6CE-83587D5B6F41}"
EndProject
Project("{54435603-DBB4-11D2-8724-00A0C9A8B90C}") = "Setup", "Setup\Setup.vdproj", "{547F57C9-0245-4810-BA7E-025C81285E7D}"
EndProject
Global
	GlobalSection(SolutionConfigurationPlatforms) = preSolution
		Debug|Any CPU = Debug|Any CPU
		Release|Any CPU = Release|Any CPU
	EndGlobalSection
	GlobalSection(ProjectConfigurationPlatforms) = postSolution
		{CA21A507-9482-408F-A6CE-83587D5B6F41}.Debug|Any CPU.ActiveCfg = Debug|Any CPU
		{CA21A507-9482-408F-A6CE-83587D5B6F41}.Debug|Any CPU.Build.0 = Debug|Any CPU
		{CA21A507-9482-408F-A6CE-83587D5B6F41}.Release|Any CPU.ActiveCfg = Release|Any CPU
		{CA21A507-9482-408F-A6CE-83587D5B6F41}.Release|Any CPU.Build.0 = Release|Any CPU
		{547F57C9-0245-4810-BA7E-025C81285E7D}.Debug|Any CPU.ActiveCfg = Debug
		{547F57C9-0245-4810-BA7E-025C81285E7D}.Release|Any CPU.ActiveCfg = Release
	EndGlobalSection
	GlobalSection(SolutionProperties) = preSolution
		HideSolutionNode = FALSE
	EndGlobalSection
	GlobalSection(ExtensibilityGlobals) = postSolution
		SolutionGuid = {6EAD2BAE-2D18-4085-8181-45F4D589057A}
	EndGlobalSection
EndGlobal
